// !$*UTF8*$!
{
	archiveVersion = 1;
	classes = {
	};
	objectVersion = 45;
	objects = {

/* Begin PBXBuildFile section */
		1D3623260D0F684500981E51 /* CocoaViewfinderAppDelegate.m in Sources */ = {isa = PBXBuildFile; fileRef = 1D3623250D0F684500981E51 /* CocoaViewfinderAppDelegate.m */; };
		1D60589B0D05DD56006BFB54 /* main.m in Sources */ = {isa = PBXBuildFile; fileRef = 29B97316FDCFA39411CA2CEA /* main.m */; };
		1D60589F0D05DD5A006BFB54 /* Foundation.framework in Frameworks */ = {isa = PBXBuildFile; fileRef = 1D30AB110D05D00D00671497 /* Foundation.framework */; };
		1DF5F4E00D08C38300B7A737 /* UIKit.framework in Frameworks */ = {isa = PBXBuildFile; fileRef = 1DF5F4DF0D08C38300B7A737 /* UIKit.framework */; };
		288765FD0DF74451002DB57D /* CoreGraphics.framework in Frameworks */ = {isa = PBXBuildFile; fileRef = 288765FC0DF74451002DB57D /* CoreGraphics.framework */; };
		28AD733F0D9D9553002E5188 /* MainWindow.xib in Resources */ = {isa = PBXBuildFile; fileRef = 28AD733E0D9D9553002E5188 /* MainWindow.xib */; };
		D3F388C9116DA1B8003E7526 /* pic_0.png in Resources */ = {isa = PBXBuildFile; fileRef = D3F388B9116DA1B8003E7526 /* pic_0.png */; };
		D3F388CA116DA1B8003E7526 /* DigestTests.m in Sources */ = {isa = PBXBuildFile; fileRef = D3F388BB116DA1B8003E7526 /* DigestTests.m */; };
		D3F388CB116DA1B8003E7526 /* UtilityTests.m in Sources */ = {isa = PBXBuildFile; fileRef = D3F388BD116DA1B8003E7526 /* UtilityTests.m */; };
		D3F388CC116DA1B8003E7526 /* RawImage.m in Sources */ = {isa = PBXBuildFile; fileRef = D3F388C0116DA1B8003E7526 /* RawImage.m */; };
		D3F388CD116DA1B8003E7526 /* GrayscaleRawImage.m in Sources */ = {isa = PBXBuildFile; fileRef = D3F388C2116DA1B8003E7526 /* GrayscaleRawImage.m */; };
		D3F388CE116DA1B8003E7526 /* Digest.m in Sources */ = {isa = PBXBuildFile; fileRef = D3F388C4116DA1B8003E7526 /* Digest.m */; };
		D3F388CF116DA1B8003E7526 /* Digest3DAlignment.m in Sources */ = {isa = PBXBuildFile; fileRef = D3F388C6116DA1B8003E7526 /* Digest3DAlignment.m */; };
		D3F388D0116DA1B8003E7526 /* DigestUtilities.m in Sources */ = {isa = PBXBuildFile; fileRef = D3F388C8116DA1B8003E7526 /* DigestUtilities.m */; };
		D3F388E7116DA1D2003E7526 /* libGHUnitIPhone3_0.a in Frameworks */ = {isa = PBXBuildFile; fileRef = D3F388D8116DA1D2003E7526 /* libGHUnitIPhone3_0.a */; };
		D3F388E8116DA1D2003E7526 /* GHUnitIPhoneTestMain.m in Sources */ = {isa = PBXBuildFile; fileRef = D3F388E2116DA1D2003E7526 /* GHUnitIPhoneTestMain.m */; };
/* End PBXBuildFile section */

/* Begin PBXFileReference section */
		1D30AB110D05D00D00671497 /* Foundation.framework */ = {isa = PBXFileReference; lastKnownFileType = wrapper.framework; name = Foundation.framework; path = System/Library/Frameworks/Foundation.framework; sourceTree = SDKROOT; };
		1D3623240D0F684500981E51 /* CocoaViewfinderAppDelegate.h */ = {isa = PBXFileReference; fileEncoding = 4; lastKnownFileType = sourcecode.c.h; path = CocoaViewfinderAppDelegate.h; sourceTree = "<group>"; };
		1D3623250D0F684500981E51 /* CocoaViewfinderAppDelegate.m */ = {isa = PBXFileReference; fileEncoding = 4; lastKnownFileType = sourcecode.c.objc; path = CocoaViewfinderAppDelegate.m; sourceTree = "<group>"; };
		1D6058910D05DD3D006BFB54 /* CocoaViewfinder.app */ = {isa = PBXFileReference; explicitFileType = wrapper.application; includeInIndex = 0; path = CocoaViewfinder.app; sourceTree = BUILT_PRODUCTS_DIR; };
		1DF5F4DF0D08C38300B7A737 /* UIKit.framework */ = {isa = PBXFileReference; lastKnownFileType = wrapper.framework; name = UIKit.framework; path = System/Library/Frameworks/UIKit.framework; sourceTree = SDKROOT; };
		288765FC0DF74451002DB57D /* CoreGraphics.framework */ = {isa = PBXFileReference; lastKnownFileType = wrapper.framework; name = CoreGraphics.framework; path = System/Library/Frameworks/CoreGraphics.framework; sourceTree = SDKROOT; };
		28AD733E0D9D9553002E5188 /* MainWindow.xib */ = {isa = PBXFileReference; lastKnownFileType = file.xib; path = MainWindow.xib; sourceTree = "<group>"; };
		29B97316FDCFA39411CA2CEA /* main.m */ = {isa = PBXFileReference; fileEncoding = 4; lastKnownFileType = sourcecode.c.objc; path = main.m; sourceTree = "<group>"; };
		32CA4F630368D1EE00C91783 /* CocoaViewfinder_Prefix.pch */ = {isa = PBXFileReference; fileEncoding = 4; lastKnownFileType = sourcecode.c.h; path = CocoaViewfinder_Prefix.pch; sourceTree = "<group>"; };
		8D1107310486CEB800E47090 /* CocoaViewfinder-Info.plist */ = {isa = PBXFileReference; fileEncoding = 4; lastKnownFileType = text.plist.xml; path = "CocoaViewfinder-Info.plist"; plistStructureDefinitionIdentifier = "com.apple.xcode.plist.structure-definition.iphone.info-plist"; sourceTree = "<group>"; };
		D3F388B9116DA1B8003E7526 /* pic_0.png */ = {isa = PBXFileReference; lastKnownFileType = image.png; path = pic_0.png; sourceTree = "<group>"; };
		D3F388BA116DA1B8003E7526 /* DigestTests.h */ = {isa = PBXFileReference; fileEncoding = 4; lastKnownFileType = sourcecode.c.h; path = DigestTests.h; sourceTree = "<group>"; };
		D3F388BB116DA1B8003E7526 /* DigestTests.m */ = {isa = PBXFileReference; fileEncoding = 4; lastKnownFileType = sourcecode.c.objc; path = DigestTests.m; sourceTree = "<group>"; };
		D3F388BC116DA1B8003E7526 /* UtilityTests.h */ = {isa = PBXFileReference; fileEncoding = 4; lastKnownFileType = sourcecode.c.h; path = UtilityTests.h; sourceTree = "<group>"; };
		D3F388BD116DA1B8003E7526 /* UtilityTests.m */ = {isa = PBXFileReference; fileEncoding = 4; lastKnownFileType = sourcecode.c.objc; path = UtilityTests.m; sourceTree = "<group>"; };
		D3F388BF116DA1B8003E7526 /* RawImage.h */ = {isa = PBXFileReference; fileEncoding = 4; lastKnownFileType = sourcecode.c.h; path = RawImage.h; sourceTree = "<group>"; };
		D3F388C0116DA1B8003E7526 /* RawImage.m */ = {isa = PBXFileReference; fileEncoding = 4; lastKnownFileType = sourcecode.c.objc; path = RawImage.m; sourceTree = "<group>"; };
		D3F388C1116DA1B8003E7526 /* GrayscaleRawImage.h */ = {isa = PBXFileReference; fileEncoding = 4; lastKnownFileType = sourcecode.c.h; path = GrayscaleRawImage.h; sourceTree = "<group>"; };
		D3F388C2116DA1B8003E7526 /* GrayscaleRawImage.m */ = {isa = PBXFileReference; fileEncoding = 4; lastKnownFileType = sourcecode.c.objc; path = GrayscaleRawImage.m; sourceTree = "<group>"; };
		D3F388C3116DA1B8003E7526 /* Digest.h */ = {isa = PBXFileReference; fileEncoding = 4; lastKnownFileType = sourcecode.c.h; path = Digest.h; sourceTree = "<group>"; };
		D3F388C4116DA1B8003E7526 /* Digest.m */ = {isa = PBXFileReference; fileEncoding = 4; lastKnownFileType = sourcecode.c.objc; path = Digest.m; sourceTree = "<group>"; };
		D3F388C5116DA1B8003E7526 /* Digest3DAlignment.h */ = {isa = PBXFileReference; fileEncoding = 4; lastKnownFileType = sourcecode.c.h; path = Digest3DAlignment.h; sourceTree = "<group>"; };
		D3F388C6116DA1B8003E7526 /* Digest3DAlignment.m */ = {isa = PBXFileReference; fileEncoding = 4; lastKnownFileType = sourcecode.c.objc; path = Digest3DAlignment.m; sourceTree = "<group>"; };
		D3F388C7116DA1B8003E7526 /* DigestUtilities.h */ = {isa = PBXFileReference; fileEncoding = 4; lastKnownFileType = sourcecode.c.h; path = DigestUtilities.h; sourceTree = "<group>"; };
		D3F388C8116DA1B8003E7526 /* DigestUtilities.m */ = {isa = PBXFileReference; fileEncoding = 4; lastKnownFileType = sourcecode.c.objc; path = DigestUtilities.m; sourceTree = "<group>"; };
		D3F388D8116DA1D2003E7526 /* libGHUnitIPhone3_0.a */ = {isa = PBXFileReference; lastKnownFileType = archive.ar; path = libGHUnitIPhone3_0.a; sourceTree = "<group>"; };
		D3F388D9116DA1D2003E7526 /* GHAsyncTestCase.h */ = {isa = PBXFileReference; fileEncoding = 4; lastKnownFileType = sourcecode.c.h; path = GHAsyncTestCase.h; sourceTree = "<group>"; };
		D3F388DA116DA1D2003E7526 /* GHTestCase.h */ = {isa = PBXFileReference; fileEncoding = 4; lastKnownFileType = sourcecode.c.h; path = GHTestCase.h; sourceTree = "<group>"; };
		D3F388DB116DA1D2003E7526 /* GHTestGroup.h */ = {isa = PBXFileReference; fileEncoding = 4; lastKnownFileType = sourcecode.c.h; path = GHTestGroup.h; sourceTree = "<group>"; };
		D3F388DC116DA1D2003E7526 /* GHTesting.h */ = {isa = PBXFileReference; fileEncoding = 4; lastKnownFileType = sourcecode.c.h; path = GHTesting.h; sourceTree = "<group>"; };
		D3F388DD116DA1D2003E7526 /* GHTestMacros.h */ = {isa = PBXFileReference; fileEncoding = 4; lastKnownFileType = sourcecode.c.h; path = GHTestMacros.h; sourceTree = "<group>"; };
		D3F388DE116DA1D2003E7526 /* GHTestRunner.h */ = {isa = PBXFileReference; fileEncoding = 4; lastKnownFileType = sourcecode.c.h; path = GHTestRunner.h; sourceTree = "<group>"; };
		D3F388DF116DA1D2003E7526 /* GHTestSuite.h */ = {isa = PBXFileReference; fileEncoding = 4; lastKnownFileType = sourcecode.c.h; path = GHTestSuite.h; sourceTree = "<group>"; };
		D3F388E0116DA1D2003E7526 /* GHUnit.h */ = {isa = PBXFileReference; fileEncoding = 4; lastKnownFileType = sourcecode.c.h; path = GHUnit.h; sourceTree = "<group>"; };
		D3F388E1116DA1D2003E7526 /* GHUnitIPhoneAppDelegate.h */ = {isa = PBXFileReference; fileEncoding = 4; lastKnownFileType = sourcecode.c.h; path = GHUnitIPhoneAppDelegate.h; sourceTree = "<group>"; };
		D3F388E2116DA1D2003E7526 /* GHUnitIPhoneTestMain.m */ = {isa = PBXFileReference; fileEncoding = 4; lastKnownFileType = sourcecode.c.objc; path = GHUnitIPhoneTestMain.m; sourceTree = "<group>"; };
		D3F388E3116DA1D2003E7526 /* GHUNSObject+Swizzle.h */ = {isa = PBXFileReference; fileEncoding = 4; lastKnownFileType = sourcecode.c.h; path = "GHUNSObject+Swizzle.h"; sourceTree = "<group>"; };
		D3F388E4116DA1D2003E7526 /* NSException+GHTestFailureExceptions.h */ = {isa = PBXFileReference; fileEncoding = 4; lastKnownFileType = sourcecode.c.h; path = "NSException+GHTestFailureExceptions.h"; sourceTree = "<group>"; };
		D3F388E5116DA1D2003E7526 /* NSValue+GHValueFormatter.h */ = {isa = PBXFileReference; fileEncoding = 4; lastKnownFileType = sourcecode.c.h; path = "NSValue+GHValueFormatter.h"; sourceTree = "<group>"; };
		D3F388E6116DA1D2003E7526 /* GHTest.h */ = {isa = PBXFileReference; fileEncoding = 4; lastKnownFileType = sourcecode.c.h; path = GHTest.h; sourceTree = "<group>"; };
		D3F388EE116DA209003E7526 /* Tests.app */ = {isa = PBXFileReference; explicitFileType = wrapper.application; includeInIndex = 0; path = Tests.app; sourceTree = BUILT_PRODUCTS_DIR; };
		D3F388F0116DA209003E7526 /* Tests-Info.plist */ = {isa = PBXFileReference; lastKnownFileType = text.plist.xml; path = "Tests-Info.plist"; sourceTree = "<group>"; };
/* End PBXFileReference section */

/* Begin PBXFrameworksBuildPhase section */
		1D60588F0D05DD3D006BFB54 /* Frameworks */ = {
			isa = PBXFrameworksBuildPhase;
			buildActionMask = 2147483647;
			files = (
				1D60589F0D05DD5A006BFB54 /* Foundation.framework in Frameworks */,
				1DF5F4E00D08C38300B7A737 /* UIKit.framework in Frameworks */,
				288765FD0DF74451002DB57D /* CoreGraphics.framework in Frameworks */,
				D3F388E7116DA1D2003E7526 /* libGHUnitIPhone3_0.a in Frameworks */,
			);
			runOnlyForDeploymentPostprocessing = 0;
		};
		D3F388EC116DA209003E7526 /* Frameworks */ = {
			isa = PBXFrameworksBuildPhase;
			buildActionMask = 2147483647;
			files = (
			);
			runOnlyForDeploymentPostprocessing = 0;
		};
/* End PBXFrameworksBuildPhase section */

/* Begin PBXGroup section */
		080E96DDFE201D6D7F000001 /* Classes */ = {
			isa = PBXGroup;
			children = (
				D3F388D7116DA1D2003E7526 /* GHUnit */,
				D3F388BE116DA1B8003E7526 /* Digest */,
				D3F388B7116DA1B8003E7526 /* Tests */,
				1D3623240D0F684500981E51 /* CocoaViewfinderAppDelegate.h */,
				1D3623250D0F684500981E51 /* CocoaViewfinderAppDelegate.m */,
			);
			path = Classes;
			sourceTree = "<group>";
		};
		19C28FACFE9D520D11CA2CBB /* Products */ = {
			isa = PBXGroup;
			children = (
				1D6058910D05DD3D006BFB54 /* CocoaViewfinder.app */,
				D3F388EE116DA209003E7526 /* Tests.app */,
			);
			name = Products;
			sourceTree = "<group>";
		};
		29B97314FDCFA39411CA2CEA /* CustomTemplate */ = {
			isa = PBXGroup;
			children = (
				080E96DDFE201D6D7F000001 /* Classes */,
				29B97315FDCFA39411CA2CEA /* Other Sources */,
				29B97317FDCFA39411CA2CEA /* Resources */,
				29B97323FDCFA39411CA2CEA /* Frameworks */,
				19C28FACFE9D520D11CA2CBB /* Products */,
				D3F388F0116DA209003E7526 /* Tests-Info.plist */,
			);
			name = CustomTemplate;
			sourceTree = "<group>";
		};
		29B97315FDCFA39411CA2CEA /* Other Sources */ = {
			isa = PBXGroup;
			children = (
				32CA4F630368D1EE00C91783 /* CocoaViewfinder_Prefix.pch */,
				29B97316FDCFA39411CA2CEA /* main.m */,
			);
			name = "Other Sources";
			sourceTree = "<group>";
		};
		29B97317FDCFA39411CA2CEA /* Resources */ = {
			isa = PBXGroup;
			children = (
				28AD733E0D9D9553002E5188 /* MainWindow.xib */,
				8D1107310486CEB800E47090 /* CocoaViewfinder-Info.plist */,
			);
			name = Resources;
			sourceTree = "<group>";
		};
		29B97323FDCFA39411CA2CEA /* Frameworks */ = {
			isa = PBXGroup;
			children = (
				1DF5F4DF0D08C38300B7A737 /* UIKit.framework */,
				1D30AB110D05D00D00671497 /* Foundation.framework */,
				288765FC0DF74451002DB57D /* CoreGraphics.framework */,
			);
			name = Frameworks;
			sourceTree = "<group>";
		};
		D3F388B7116DA1B8003E7526 /* Tests */ = {
			isa = PBXGroup;
			children = (
				D3F388BA116DA1B8003E7526 /* DigestTests.h */,
				D3F388BB116DA1B8003E7526 /* DigestTests.m */,
				D3F388BC116DA1B8003E7526 /* UtilityTests.h */,
				D3F388BD116DA1B8003E7526 /* UtilityTests.m */,
				D3F388B8116DA1B8003E7526 /* Images */,
			);
			name = Tests;
			sourceTree = "<group>";
		};
		D3F388B8116DA1B8003E7526 /* Images */ = {
			isa = PBXGroup;
			children = (
				D3F388B9116DA1B8003E7526 /* pic_0.png */,
			);
			name = Images;
			sourceTree = "<group>";
		};
		D3F388BE116DA1B8003E7526 /* Digest */ = {
			isa = PBXGroup;
			children = (
				D3F388BF116DA1B8003E7526 /* RawImage.h */,
				D3F388C0116DA1B8003E7526 /* RawImage.m */,
				D3F388C1116DA1B8003E7526 /* GrayscaleRawImage.h */,
				D3F388C2116DA1B8003E7526 /* GrayscaleRawImage.m */,
				D3F388C3116DA1B8003E7526 /* Digest.h */,
				D3F388C4116DA1B8003E7526 /* Digest.m */,
				D3F388C5116DA1B8003E7526 /* Digest3DAlignment.h */,
				D3F388C6116DA1B8003E7526 /* Digest3DAlignment.m */,
				D3F388C7116DA1B8003E7526 /* DigestUtilities.h */,
				D3F388C8116DA1B8003E7526 /* DigestUtilities.m */,
			);
			name = Digest;
			sourceTree = "<group>";
		};
		D3F388D7116DA1D2003E7526 /* GHUnit */ = {
			isa = PBXGroup;
			children = (
				D3F388D8116DA1D2003E7526 /* libGHUnitIPhone3_0.a */,
				D3F388D9116DA1D2003E7526 /* GHAsyncTestCase.h */,
				D3F388DA116DA1D2003E7526 /* GHTestCase.h */,
				D3F388DB116DA1D2003E7526 /* GHTestGroup.h */,
				D3F388DC116DA1D2003E7526 /* GHTesting.h */,
				D3F388DD116DA1D2003E7526 /* GHTestMacros.h */,
				D3F388DE116DA1D2003E7526 /* GHTestRunner.h */,
				D3F388DF116DA1D2003E7526 /* GHTestSuite.h */,
				D3F388E0116DA1D2003E7526 /* GHUnit.h */,
				D3F388E1116DA1D2003E7526 /* GHUnitIPhoneAppDelegate.h */,
				D3F388E2116DA1D2003E7526 /* GHUnitIPhoneTestMain.m */,
				D3F388E3116DA1D2003E7526 /* GHUNSObject+Swizzle.h */,
				D3F388E4116DA1D2003E7526 /* NSException+GHTestFailureExceptions.h */,
				D3F388E5116DA1D2003E7526 /* NSValue+GHValueFormatter.h */,
				D3F388E6116DA1D2003E7526 /* GHTest.h */,
			);
			name = GHUnit;
			sourceTree = "<group>";
		};
/* End PBXGroup section */

/* Begin PBXNativeTarget section */
		1D6058900D05DD3D006BFB54 /* CocoaViewfinder */ = {
			isa = PBXNativeTarget;
			buildConfigurationList = 1D6058960D05DD3E006BFB54 /* Build configuration list for PBXNativeTarget "CocoaViewfinder" */;
			buildPhases = (
				1D60588D0D05DD3D006BFB54 /* Resources */,
				1D60588E0D05DD3D006BFB54 /* Sources */,
				1D60588F0D05DD3D006BFB54 /* Frameworks */,
			);
			buildRules = (
			);
			dependencies = (
			);
			name = CocoaViewfinder;
			productName = CocoaViewfinder;
			productReference = 1D6058910D05DD3D006BFB54 /* CocoaViewfinder.app */;
			productType = "com.apple.product-type.application";
		};
		D3F388ED116DA209003E7526 /* Tests */ = {
			isa = PBXNativeTarget;
			buildConfigurationList = D3F388F3116DA20A003E7526 /* Build configuration list for PBXNativeTarget "Tests" */;
			buildPhases = (
				D3F388EA116DA209003E7526 /* Resources */,
				D3F388EB116DA209003E7526 /* Sources */,
				D3F388EC116DA209003E7526 /* Frameworks */,
			);
			buildRules = (
			);
			dependencies = (
			);
			name = Tests;
			productName = Tests;
			productReference = D3F388EE116DA209003E7526 /* Tests.app */;
			productType = "com.apple.product-type.application";
		};
/* End PBXNativeTarget section */

/* Begin PBXProject section */
		29B97313FDCFA39411CA2CEA /* Project object */ = {
			isa = PBXProject;
			buildConfigurationList = C01FCF4E08A954540054247B /* Build configuration list for PBXProject "CocoaViewfinder" */;
			compatibilityVersion = "Xcode 3.1";
			hasScannedForEncodings = 1;
			mainGroup = 29B97314FDCFA39411CA2CEA /* CustomTemplate */;
			projectDirPath = "";
			projectRoot = "";
			targets = (
				1D6058900D05DD3D006BFB54 /* CocoaViewfinder */,
				D3F388ED116DA209003E7526 /* Tests */,
			);
		};
/* End PBXProject section */

/* Begin PBXResourcesBuildPhase section */
		1D60588D0D05DD3D006BFB54 /* Resources */ = {
			isa = PBXResourcesBuildPhase;
			buildActionMask = 2147483647;
			files = (
				28AD733F0D9D9553002E5188 /* MainWindow.xib in Resources */,
				D3F388C9116DA1B8003E7526 /* pic_0.png in Resources */,
			);
			runOnlyForDeploymentPostprocessing = 0;
		};
		D3F388EA116DA209003E7526 /* Resources */ = {
			isa = PBXResourcesBuildPhase;
			buildActionMask = 2147483647;
			files = (
			);
			runOnlyForDeploymentPostprocessing = 0;
		};
/* End PBXResourcesBuildPhase section */

/* Begin PBXSourcesBuildPhase section */
		1D60588E0D05DD3D006BFB54 /* Sources */ = {
			isa = PBXSourcesBuildPhase;
			buildActionMask = 2147483647;
			files = (
				1D60589B0D05DD56006BFB54 /* main.m in Sources */,
				1D3623260D0F684500981E51 /* CocoaViewfinderAppDelegate.m in Sources */,
				D3F388CA116DA1B8003E7526 /* DigestTests.m in Sources */,
				D3F388CB116DA1B8003E7526 /* UtilityTests.m in Sources */,
				D3F388CC116DA1B8003E7526 /* RawImage.m in Sources */,
				D3F388CD116DA1B8003E7526 /* GrayscaleRawImage.m in Sources */,
				D3F388CE116DA1B8003E7526 /* Digest.m in Sources */,
				D3F388CF116DA1B8003E7526 /* Digest3DAlignment.m in Sources */,
				D3F388D0116DA1B8003E7526 /* DigestUtilities.m in Sources */,
				D3F388E8116DA1D2003E7526 /* GHUnitIPhoneTestMain.m in Sources */,
			);
			runOnlyForDeploymentPostprocessing = 0;
		};
		D3F388EB116DA209003E7526 /* Sources */ = {
			isa = PBXSourcesBuildPhase;
			buildActionMask = 2147483647;
			files = (
			);
			runOnlyForDeploymentPostprocessing = 0;
		};
/* End PBXSourcesBuildPhase section */

/* Begin XCBuildConfiguration section */
		1D6058940D05DD3E006BFB54 /* Debug */ = {
			isa = XCBuildConfiguration;
			buildSettings = {
				ALWAYS_SEARCH_USER_PATHS = NO;
				COPY_PHASE_STRIP = NO;
				GCC_DYNAMIC_NO_PIC = NO;
				GCC_OPTIMIZATION_LEVEL = 0;
				GCC_PRECOMPILE_PREFIX_HEADER = YES;
				GCC_PREFIX_HEADER = CocoaViewfinder_Prefix.pch;
				INFOPLIST_FILE = "CocoaViewfinder-Info.plist";
				LIBRARY_SEARCH_PATHS = (
					"$(inherited)",
					"\"$(SRCROOT)/Classes\"",
				);
				PRODUCT_NAME = CocoaViewfinder;
			};
			name = Debug;
		};
		1D6058950D05DD3E006BFB54 /* Release */ = {
			isa = XCBuildConfiguration;
			buildSettings = {
				ALWAYS_SEARCH_USER_PATHS = NO;
				COPY_PHASE_STRIP = YES;
				GCC_PRECOMPILE_PREFIX_HEADER = YES;
				GCC_PREFIX_HEADER = CocoaViewfinder_Prefix.pch;
				INFOPLIST_FILE = "CocoaViewfinder-Info.plist";
				LIBRARY_SEARCH_PATHS = (
					"$(inherited)",
					"\"$(SRCROOT)/Classes\"",
				);
				PRODUCT_NAME = CocoaViewfinder;
				VALIDATE_PRODUCT = YES;
			};
			name = Release;
		};
		C01FCF4F08A954540054247B /* Debug */ = {
			isa = XCBuildConfiguration;
			buildSettings = {
				ARCHS = "$(ARCHS_STANDARD_32_BIT)";
				"CODE_SIGN_IDENTITY[sdk=iphoneos*]" = "iPhone Developer";
				GCC_C_LANGUAGE_STANDARD = c99;
				GCC_WARN_ABOUT_RETURN_TYPE = YES;
				GCC_WARN_UNUSED_VARIABLE = YES;
				PREBINDING = NO;
				SDKROOT = iphoneos3.1;
			};
			name = Debug;
		};
		C01FCF5008A954540054247B /* Release */ = {
			isa = XCBuildConfiguration;
			buildSettings = {
				ARCHS = "$(ARCHS_STANDARD_32_BIT)";
				"CODE_SIGN_IDENTITY[sdk=iphoneos*]" = "iPhone Developer";
				GCC_C_LANGUAGE_STANDARD = c99;
				GCC_WARN_ABOUT_RETURN_TYPE = YES;
				GCC_WARN_UNUSED_VARIABLE = YES;
				OTHER_CFLAGS = "-DNS_BLOCK_ASSERTIONS=1";
				PREBINDING = NO;
				SDKROOT = iphoneos3.1;
			};
			name = Release;
		};
		D3F388F1116DA20A003E7526 /* Debug */ = {
			isa = XCBuildConfiguration;
			buildSettings = {
				ALWAYS_SEARCH_USER_PATHS = NO;
				CODE_SIGN_IDENTITY = "iPhone Developer";
				COPY_PHASE_STRIP = NO;
				GCC_DYNAMIC_NO_PIC = NO;
				GCC_OPTIMIZATION_LEVEL = 0;
				GCC_PRECOMPILE_PREFIX_HEADER = YES;
				GCC_PREFIX_HEADER = "$(SYSTEM_LIBRARY_DIR)/Frameworks/UIKit.framework/Headers/UIKit.h";
				INFOPLIST_FILE = "Tests-Info.plist";
				INSTALL_PATH = "$(HOME)/Applications";
				OTHER_LDFLAGS = (
					"-all_load",
					"-ObjC",
					"-framework",
					Foundation,
					"-framework",
					UIKit,
				);
				PREBINDING = NO;
				PRODUCT_NAME = Tests;
				SDKROOT = iphoneos3.2;
			};
			name = Debug;
		};
		D3F388F2116DA20A003E7526 /* Release */ = {
			isa = XCBuildConfiguration;
			buildSettings = {
				ALWAYS_SEARCH_USER_PATHS = NO;
				CODE_SIGN_IDENTITY = "iPhone Developer";
				COPY_PHASE_STRIP = YES;
				DEBUG_INFORMATION_FORMAT = "dwarf-with-dsym";
				GCC_ENABLE_FIX_AND_CONTINUE = NO;
				GCC_PRECOMPILE_PREFIX_HEADER = YES;
				GCC_PREFIX_HEADER = "$(SYSTEM_LIBRARY_DIR)/Frameworks/UIKit.framework/Headers/UIKit.h";
				INFOPLIST_FILE = "Tests-Info.plist";
				INSTALL_PATH = "$(HOME)/Applications";
				OTHER_LDFLAGS = (
					"-all_load",
					"-ObjC",
					"-framework",
					Foundation,
					"-framework",
					UIKit,
				);
				PREBINDING = NO;
				PRODUCT_NAME = Tests;
				SDKROOT = iphoneos3.2;
				ZERO_LINK = NO;
			};
			name = Release;
		};
/* End XCBuildConfiguration section */

/* Begin XCConfigurationList section */
		1D6058960D05DD3E006BFB54 /* Build configuration list for PBXNativeTarget "CocoaViewfinder" */ = {
			isa = XCConfigurationList;
			buildConfigurations = (
				1D6058940D05DD3E006BFB54 /* Debug */,
				1D6058950D05DD3E006BFB54 /* Release */,
			);
			defaultConfigurationIsVisible = 0;
			defaultConfigurationName = Release;
		};
		C01FCF4E08A954540054247B /* Build configuration list for PBXProject "CocoaViewfinder" */ = {
			isa = XCConfigurationList;
			buildConfigurations = (
				C01FCF4F08A954540054247B /* Debug */,
				C01FCF5008A954540054247B /* Release */,
			);
			defaultConfigurationIsVisible = 0;
			defaultConfigurationName = Release;
		};
		D3F388F3116DA20A003E7526 /* Build configuration list for PBXNativeTarget "Tests" */ = {
			isa = XCConfigurationList;
			buildConfigurations = (
				D3F388F1116DA20A003E7526 /* Debug */,
				D3F388F2116DA20A003E7526 /* Release */,
			);
			defaultConfigurationIsVisible = 0;
			defaultConfigurationName = Release;
		};
/* End XCConfigurationList section */
	};
	rootObject = 29B97313FDCFA39411CA2CEA /* Project object */;
}
